
Microsoft Visual Studio Solution File, Format Version 12.00
# Visual Studio Version 16
VisualStudioVersion = 16.0.32228.343
MinimumVisualStudioVersion = 10.0.40219.1
Project("{2150E333-8FDC-42A3-9474-1A3956D46DE8}") = "1 - Presentation", "1 - Presentation", "{A5A71CE4-1F5D-4D77-AEA5-6CE9FB71D88F}"
EndProject
Project("{2150E333-8FDC-42A3-9474-1A3956D46DE8}") = "2 - Application", "2 - Application", "{4893A572-7862-41C0-978C-A28C18B546B8}"
EndProject
Project("{2150E333-8FDC-42A3-9474-1A3956D46DE8}") = "3 - Domain", "3 - Domain", "{913702A9-EAC6-4B42-8CD7-9C535DAE199D}"
EndProject
Project("{2150E333-8FDC-42A3-9474-1A3956D46DE8}") = "4 - Infrastructure", "4 - Infrastructure", "{8DBC684B-63A9-4D5A-B06D-10EF7CA86303}"
EndProject
Project("{9A19103F-16F7-4668-BE54-9A1E7A4F7556}") = "CorretoraAbc.Infrastructure", "CorretoraAbc.Infrastructure\CorretoraAbc.Infrastructure.csproj", "{CE88813A-4E75-4D38-8F1F-1335413F094D}"
EndProject
Project("{9A19103F-16F7-4668-BE54-9A1E7A4F7556}") = "CorretoraAbc.Domain.Core", "CorretoraAbc.Domain.Core\CorretoraAbc.Domain.Core.csproj", "{0F234B8E-924A-4E10-8F83-163B6BDDADF9}"
EndProject
Project("{FAE04EC0-301F-11D3-BF4B-00C04F79EFBC}") = "CorretoraAbc.Aplicacao.Core", "CorretoraAbc.Aplicacao.Core\CorretoraAbc.Aplicacao.Core.csproj", "{9710FCF6-F29A-4191-A28D-A83906E91DEC}"
EndProject
Project("{FAE04EC0-301F-11D3-BF4B-00C04F79EFBC}") = "CorretoraAbc.Presentation.Web", "CorretoraAbc.Presentation.Web\CorretoraAbc.Presentation.Web.csproj", "{9F8D82E6-B93F-4933-A86E-88EC7ABDAB6E}"
EndProject
Global
	GlobalSection(SolutionConfigurationPlatforms) = preSolution
		Debug|Any CPU = Debug|Any CPU
		Release|Any CPU = Release|Any CPU
	EndGlobalSection
	GlobalSection(ProjectConfigurationPlatforms) = postSolution
		{CE88813A-4E75-4D38-8F1F-1335413F094D}.Debug|Any CPU.ActiveCfg = Debug|Any CPU
		{CE88813A-4E75-4D38-8F1F-1335413F094D}.Debug|Any CPU.Build.0 = Debug|Any CPU
		{CE88813A-4E75-4D38-8F1F-1335413F094D}.Release|Any CPU.ActiveCfg = Release|Any CPU
		{CE88813A-4E75-4D38-8F1F-1335413F094D}.Release|Any CPU.Build.0 = Release|Any CPU
		{0F234B8E-924A-4E10-8F83-163B6BDDADF9}.Debug|Any CPU.ActiveCfg = Debug|Any CPU
		{0F234B8E-924A-4E10-8F83-163B6BDDADF9}.Debug|Any CPU.Build.0 = Debug|Any CPU
		{0F234B8E-924A-4E10-8F83-163B6BDDADF9}.Release|Any CPU.ActiveCfg = Release|Any CPU
		{0F234B8E-924A-4E10-8F83-163B6BDDADF9}.Release|Any CPU.Build.0 = Release|Any CPU
		{9710FCF6-F29A-4191-A28D-A83906E91DEC}.Debug|Any CPU.ActiveCfg = Debug|Any CPU
		{9710FCF6-F29A-4191-A28D-A83906E91DEC}.Debug|Any CPU.Build.0 = Debug|Any CPU
		{9710FCF6-F29A-4191-A28D-A83906E91DEC}.Release|Any CPU.ActiveCfg = Release|Any CPU
		{9710FCF6-F29A-4191-A28D-A83906E91DEC}.Release|Any CPU.Build.0 = Release|Any CPU
		{9F8D82E6-B93F-4933-A86E-88EC7ABDAB6E}.Debug|Any CPU.ActiveCfg = Debug|Any CPU
		{9F8D82E6-B93F-4933-A86E-88EC7ABDAB6E}.Debug|Any CPU.Build.0 = Debug|Any CPU
		{9F8D82E6-B93F-4933-A86E-88EC7ABDAB6E}.Release|Any CPU.ActiveCfg = Release|Any CPU
		{9F8D82E6-B93F-4933-A86E-88EC7ABDAB6E}.Release|Any CPU.Build.0 = Release|Any CPU
	EndGlobalSection
	GlobalSection(SolutionProperties) = preSolution
		HideSolutionNode = FALSE
	EndGlobalSection
	GlobalSection(NestedProjects) = preSolution
		{CE88813A-4E75-4D38-8F1F-1335413F094D} = {8DBC684B-63A9-4D5A-B06D-10EF7CA86303}
		{0F234B8E-924A-4E10-8F83-163B6BDDADF9} = {913702A9-EAC6-4B42-8CD7-9C535DAE199D}
		{9710FCF6-F29A-4191-A28D-A83906E91DEC} = {4893A572-7862-41C0-978C-A28C18B546B8}
		{9F8D82E6-B93F-4933-A86E-88EC7ABDAB6E} = {A5A71CE4-1F5D-4D77-AEA5-6CE9FB71D88F}
	EndGlobalSection
	GlobalSection(ExtensibilityGlobals) = postSolution
		SolutionGuid = {5F7881DC-AC80-4C98-970E-4636E3B2DBA2}
	EndGlobalSection
EndGlobal
